
Microsoft Visual Studio Solution File, Format Version 12.00
# Visual Studio Version 17
VisualStudioVersion = 17.13.35931.197 d17.13
MinimumVisualStudioVersion = 10.0.40219.1
Project("{8BC9CEB8-8B4A-11D0-8D11-00A0C91BC942}") = "CPP_Chapter_14_7", "CPP_Chapter_14_7.vcxproj", "{4179E802-3BE3-411A-844C-90684EF40EB4}"
EndProject
Global
	GlobalSection(SolutionConfigurationPlatforms) = preSolution
		Debug|x64 = Debug|x64
		Debug|x86 = Debug|x86
		Release|x64 = Release|x64
		Release|x86 = Release|x86
	EndGlobalSection
	GlobalSection(ProjectConfigurationPlatforms) = postSolution
		{4179E802-3BE3-411A-844C-90684EF40EB4}.Debug|x64.ActiveCfg = Debug|x64
		{4179E802-3BE3-411A-844C-90684EF40EB4}.Debug|x64.Build.0 = Debug|x64
		{4179E802-3BE3-411A-844C-90684EF40EB4}.Debug|x86.ActiveCfg = Debug|Win32
		{4179E802-3BE3-411A-844C-90684EF40EB4}.Debug|x86.Build.0 = Debug|Win32
		{4179E802-3BE3-411A-844C-90684EF40EB4}.Release|x64.ActiveCfg = Release|x64
		{4179E802-3BE3-411A-844C-90684EF40EB4}.Release|x64.Build.0 = Release|x64
		{4179E802-3BE3-411A-844C-90684EF40EB4}.Release|x86.ActiveCfg = Release|Win32
		{4179E802-3BE3-411A-844C-90684EF40EB4}.Release|x86.Build.0 = Release|Win32
	EndGlobalSection
	GlobalSection(SolutionProperties) = preSolution
		HideSolutionNode = FALSE
	EndGlobalSection
	GlobalSection(ExtensibilityGlobals) = postSolution
		SolutionGuid = {3EA9577E-9411-463C-8B10-CE4F0CAD117B}
	EndGlobalSection
EndGlobal
